{
  "name": "my-survey-app",
  "version": "1.0.0",
  "lockfileVersion": 3,
  "requires": true,
  "packages": {
    "": {
      "name": "my-survey-app",
      "version": "1.0.0",
      "license": "ISC",
      "dependencies": {
        "jquery": "^3.7.1",
        "survey-core": "^1.11.6",
        "survey-jquery": "^1.11.6"
      }
    },
    "node_modules/jquery": {
      "version": "3.7.1",
      "resolved": "https://registry.npmjs.org/jquery/-/jquery-3.7.1.tgz",
      "integrity": "sha512-m4avr8yL8kmFN8psrbFFFmB/If14iN5o9nw/NgnnM+kybDJpRsAynV2BsfpTYrTRysYUdADVD7CkUUizgkpLfg=="
    },
    "node_modules/survey-core": {
      "version": "1.11.6",
      "resolved": "https://registry.npmjs.org/survey-core/-/survey-core-1.11.6.tgz",
      "integrity": "sha512-ojW0TYeRuSb3aHaPKWe44K9RownyTN1SXuUeI55YqnJe2lFOqrWtrsE9fH8eECjao/pSRv/jHT8EP5WVGmnxkQ=="
    },
    "node_modules/survey-jquery": {
      "version": "1.11.6",
      "resolved": "https://registry.npmjs.org/survey-jquery/-/survey-jquery-1.11.6.tgz",
      "integrity": "sha512-t54cuwc6p53GTyE8rSoE2bYTiGfvNJn+60QrRfOOPJMhyyrMH1OQLCcJmXyrFJ1cRLux/q6BOudZdHlgg3aEFA==",
      "dependencies": {
        "jquery": ">=1.12.4"
      }
    }
  }
}
